
Microsoft Visual Studio Solution File, Format Version 12.00
# Visual Studio Version 17
VisualStudioVersion = 17.11.35327.3
MinimumVisualStudioVersion = 10.0.40219.1
Project("{FAE04EC0-301F-11D3-BF4B-00C04F79EFBC}") = "Day 3", "Day 3.csproj", "{257AA10D-E60A-40C5-9CB6-F4221887C36B}"
EndProject
Global
	GlobalSection(SolutionConfigurationPlatforms) = preSolution
		Debug|Any CPU = Debug|Any CPU
		Release|Any CPU = Release|Any CPU
	EndGlobalSection
	GlobalSection(ProjectConfigurationPlatforms) = postSolution
		{257AA10D-E60A-40C5-9CB6-F4221887C36B}.Debug|Any CPU.ActiveCfg = Debug|Any CPU
		{257AA10D-E60A-40C5-9CB6-F4221887C36B}.Debug|Any CPU.Build.0 = Debug|Any CPU
		{257AA10D-E60A-40C5-9CB6-F4221887C36B}.Release|Any CPU.ActiveCfg = Release|Any CPU
		{257AA10D-E60A-40C5-9CB6-F4221887C36B}.Release|Any CPU.Build.0 = Release|Any CPU
	EndGlobalSection
	GlobalSection(SolutionProperties) = preSolution
		HideSolutionNode = FALSE
	EndGlobalSection
	GlobalSection(ExtensibilityGlobals) = postSolution
		SolutionGuid = {C5E5F316-4FB0-4BF8-B8D3-4F57868D269A}
	EndGlobalSection
EndGlobal
